
Microsoft Visual Studio Solution File, Format Version 12.00
# Visual Studio 15
VisualStudioVersion = 15.0.27703.2000
MinimumVisualStudioVersion = 10.0.40219.1
Project("{FAE04EC0-301F-11D3-BF4B-00C04F79EFBC}") = "XRayTestRepro", "XRayTestRepro\XRayTestRepro.csproj", "{CCD3337E-7A82-4FA4-A3DB-911083E855DB}"
EndProject
Global
	GlobalSection(SolutionConfigurationPlatforms) = preSolution
		Debug|Any CPU = Debug|Any CPU
		Release|Any CPU = Release|Any CPU
	EndGlobalSection
	GlobalSection(ProjectConfigurationPlatforms) = postSolution
		{CCD3337E-7A82-4FA4-A3DB-911083E855DB}.Debug|Any CPU.ActiveCfg = Debug|Any CPU
		{CCD3337E-7A82-4FA4-A3DB-911083E855DB}.Debug|Any CPU.Build.0 = Debug|Any CPU
		{CCD3337E-7A82-4FA4-A3DB-911083E855DB}.Release|Any CPU.ActiveCfg = Release|Any CPU
		{CCD3337E-7A82-4FA4-A3DB-911083E855DB}.Release|Any CPU.Build.0 = Release|Any CPU
	EndGlobalSection
	GlobalSection(SolutionProperties) = preSolution
		HideSolutionNode = FALSE
	EndGlobalSection
	GlobalSection(ExtensibilityGlobals) = postSolution
		SolutionGuid = {6FD6B030-6F41-4743-967A-D04D2B7AE4A7}
	EndGlobalSection
EndGlobal
